
Microsoft Visual Studio Solution File, Format Version 12.00
# Visual Studio Version 16
VisualStudioVersion = 16.0.29613.14
MinimumVisualStudioVersion = 10.0.40219.1
Project("{FAE04EC0-301F-11D3-BF4B-00C04F79EFBC}") = "Kertotaulu1_10", "Harjoitus_3\Kertotaulu1_10.csproj", "{95E9B0EB-EE68-4464-9D83-D5E4EB77BF6E}"
EndProject
Global
	GlobalSection(SolutionConfigurationPlatforms) = preSolution
		Debug|Any CPU = Debug|Any CPU
		Release|Any CPU = Release|Any CPU
	EndGlobalSection
	GlobalSection(ProjectConfigurationPlatforms) = postSolution
		{95E9B0EB-EE68-4464-9D83-D5E4EB77BF6E}.Debug|Any CPU.ActiveCfg = Debug|Any CPU
		{95E9B0EB-EE68-4464-9D83-D5E4EB77BF6E}.Debug|Any CPU.Build.0 = Debug|Any CPU
		{95E9B0EB-EE68-4464-9D83-D5E4EB77BF6E}.Release|Any CPU.ActiveCfg = Release|Any CPU
		{95E9B0EB-EE68-4464-9D83-D5E4EB77BF6E}.Release|Any CPU.Build.0 = Release|Any CPU
	EndGlobalSection
	GlobalSection(SolutionProperties) = preSolution
		HideSolutionNode = FALSE
	EndGlobalSection
	GlobalSection(ExtensibilityGlobals) = postSolution
		SolutionGuid = {68DBA002-CEA6-4B62-A41C-E142F28D98E3}
	EndGlobalSection
EndGlobal
